# @generated - this file is auto-generated by `mise lock` https://mise.jdx.dev/dev-tools/mise-lock.html

[[tools.go]]
version = "1.26.1"
backend = "core:go"

[tools.go."platforms.linux-arm64"]
checksum = "sha256:a290581cfe4fe28ddd737dde3095f3dbeb7f2e4065cab4eae44dfc53b760c2f7"
url = "https://dl.google.com/go/go1.26.1.linux-arm64.tar.gz"

[tools.go."platforms.linux-arm64-musl"]
checksum = "sha256:a290581cfe4fe28ddd737dde3095f3dbeb7f2e4065cab4eae44dfc53b760c2f7"
url = "https://dl.google.com/go/go1.26.1.linux-arm64.tar.gz"

[tools.go."platforms.linux-x64"]
checksum = "sha256:031f088e5d955bab8657ede27ad4e3bc5b7c1ba281f05f245bcc304f327c987a"
url = "https://dl.google.com/go/go1.26.1.linux-amd64.tar.gz"

[tools.go."platforms.linux-x64-musl"]
checksum = "sha256:031f088e5d955bab8657ede27ad4e3bc5b7c1ba281f05f245bcc304f327c987a"
url = "https://dl.google.com/go/go1.26.1.linux-amd64.tar.gz"

[tools.go."platforms.macos-arm64"]
checksum = "sha256:353df43a7811ce284c8938b5f3c7df40b7bfb6f56cb165b150bc40b5e2dd541f"
url = "https://dl.google.com/go/go1.26.1.darwin-arm64.tar.gz"

[tools.go."platforms.macos-x64"]
checksum = "sha256:65773dab2f8cc4cd23d93ba6d0a805de150ca0b78378879292be0b903b8cdd08"
url = "https://dl.google.com/go/go1.26.1.darwin-amd64.tar.gz"

[tools.go."platforms.windows-x64"]
checksum = "sha256:9b68112c913f45b7aebbf13c036721264bbba7e03a642f8f7490c561eebd1ecc"
url = "https://dl.google.com/go/go1.26.1.windows-amd64.zip"

[[tools."go:github.com/tailscale/depaware"]]
version = "b748de0"
backend = "go:github.com/tailscale/depaware"

[[tools."go:go.uber.org/nilaway/cmd/nilaway"]]
version = "8ad05f0"
backend = "go:go.uber.org/nilaway/cmd/nilaway"

[[tools."go:golang.org/x/tools/cmd/digraph"]]
version = "0.38.0"
backend = "go:golang.org/x/tools/cmd/digraph"

[[tools."go:golang.org/x/tools/cmd/eg"]]
version = "0.38.0"
backend = "go:golang.org/x/tools/cmd/eg"

[[tools."go:golang.org/x/tools/cmd/stringer"]]
version = "0.38.0"
backend = "go:golang.org/x/tools/cmd/stringer"

[[tools.golangci-lint]]
version = "2.5.0"
backend = "aqua:golangci/golangci-lint"

[tools.golangci-lint."platforms.linux-arm64"]
checksum = "sha256:48693a98a7f4556d1117300aae240d0fe483df8d6f36dfaba56504626101a66e"
url = "https://github.com/golangci/golangci-lint/releases/download/v2.5.0/golangci-lint-2.5.0-linux-arm64.tar.gz"

[tools.golangci-lint."platforms.linux-arm64-musl"]
checksum = "sha256:48693a98a7f4556d1117300aae240d0fe483df8d6f36dfaba56504626101a66e"
url = "https://github.com/golangci/golangci-lint/releases/download/v2.5.0/golangci-lint-2.5.0-linux-arm64.tar.gz"

[tools.golangci-lint."platforms.linux-x64"]
checksum = "sha256:c77313a77e19b06123962c411d9943cc0d092bbec76b956104d18964e274902e"
url = "https://github.com/golangci/golangci-lint/releases/download/v2.5.0/golangci-lint-2.5.0-linux-amd64.tar.gz"

[tools.golangci-lint."platforms.linux-x64-musl"]
checksum = "sha256:c77313a77e19b06123962c411d9943cc0d092bbec76b956104d18964e274902e"
url = "https://github.com/golangci/golangci-lint/releases/download/v2.5.0/golangci-lint-2.5.0-linux-amd64.tar.gz"

[tools.golangci-lint."platforms.macos-arm64"]
checksum = "sha256:0b3cbdc2a2472f60b538ebccb1b2e1ae5d938a051c010591aa68c6efd3706672"
url = "https://github.com/golangci/golangci-lint/releases/download/v2.5.0/golangci-lint-2.5.0-darwin-arm64.tar.gz"

[tools.golangci-lint."platforms.macos-x64"]
checksum = "sha256:a7e684872b00637d642d088dde783c1b871161a92678fcf13d07abe6b5c32e36"
url = "https://github.com/golangci/golangci-lint/releases/download/v2.5.0/golangci-lint-2.5.0-darwin-amd64.tar.gz"

[tools.golangci-lint."platforms.windows-x64"]
checksum = "sha256:8d37563c2549e38135eac46e778164d2c5b1e96b9211f2087814d74ca0f358a8"
url = "https://github.com/golangci/golangci-lint/releases/download/v2.5.0/golangci-lint-2.5.0-windows-amd64.zip"

[[tools."ubi:ast-grep/ast-grep"]]
version = "0.39.6"
backend = "ubi:ast-grep/ast-grep"

[tools."ubi:ast-grep/ast-grep"."platforms.linux-x64-ast-grep"]
checksum = "blake3:b65800af332c8a48748389a73c010e281c0695ead6c0da964a08e98f844a877a"

[tools."ubi:ast-grep/ast-grep"."platforms.macos-arm64-ast-grep"]
checksum = "blake3:8c2f8e7d7c7c631760eb5f6a906b628d382afde0148abacbfcba2ab4d99c1860"
