[tools.cosign]
version = "2.5.0"
backend = "aqua:sigstore/cosign"

[tools.cosign.checksums]
cosign-darwin-arm64 = "sha256:780da3654d9601367b0d54686ac65cb9716578610cabe292d725c7008de4db85"

[tools.go]
version = "1.24.3"
backend = "core:go"

[tools.go.checksums]
"go1.24.3.darwin-arm64.tar.gz" = "sha256:64a3fa22142f627e78fac3018ce3d4aeace68b743eff0afda8aae0411df5e4fb"

[tools."go:github.com/tailscale/depaware"]
version = "b748de0"
backend = "go:github.com/tailscale/depaware"

[tools."go:go.uber.org/nilaway/cmd/nilaway"]
version = "ba14292"
backend = "go:go.uber.org/nilaway/cmd/nilaway"

[tools."go:golang.org/x/tools/cmd/digraph"]
version = "0.33.0"
backend = "go:golang.org/x/tools/cmd/digraph"

[tools."go:golang.org/x/tools/cmd/eg"]
version = "0.33.0"
backend = "go:golang.org/x/tools/cmd/eg"

[tools."go:golang.org/x/tools/cmd/stringer"]
version = "0.33.0"
backend = "go:golang.org/x/tools/cmd/stringer"

[tools.golangci-lint]
version = "2.1.6"
backend = "aqua:golangci/golangci-lint"

[tools.golangci-lint.checksums]
"golangci-lint-2.1.6-darwin-arm64.tar.gz" = "sha256:90783fa092a0f64a4f7b7d419f3da1f53207e300261773babe962957240e9ea6"

[tools.slsa-verifier]
version = "2.7.0"
backend = "ubi:slsa-framework/slsa-verifier"

[tools.slsa-verifier.checksums]
slsa-verifier-macos-aarch64 = "sha256:84d9122ce12e0c79080844285fd5c4976407ed3463e434a1b21b0979c46b1e55"

[tools."ubi:ast-grep/ast-grep"]
version = "0.38.1"
backend = "ubi:ast-grep/ast-grep"

[tools."ubi:ast-grep/ast-grep".checksums]
ast-grep-macos-aarch64 = "sha256:ccece9bdcf972dd22dbbfd056c7c6dc7f01506c82336a701ea5e4b1643b2eb34"
